// !$*UTF8*$!
{
	archiveVersion = 1;
	classes = {
	};
	objectVersion = 46;
	objects = {

/* Begin PBXBuildFile section */
		183D90F31A2DF81E0047D47E /* Foundation.framework in Frameworks */ = {isa = PBXBuildFile; fileRef = 183D90F21A2DF81E0047D47E /* Foundation.framework */; };
		183D90F51A2DF81E0047D47E /* CoreGraphics.framework in Frameworks */ = {isa = PBXBuildFile; fileRef = 183D90F41A2DF81E0047D47E /* CoreGraphics.framework */; };
		183D90F71A2DF81E0047D47E /* UIKit.framework in Frameworks */ = {isa = PBXBuildFile; fileRef = 183D90F61A2DF81E0047D47E /* UIKit.framework */; };
		183D90FD1A2DF81E0047D47E /* InfoPlist.strings in Resources */ = {isa = PBXBuildFile; fileRef = 183D90FB1A2DF81E0047D47E /* InfoPlist.strings */; };
		183D90FF1A2DF81E0047D47E /* main.m in Sources */ = {isa = PBXBuildFile; fileRef = 183D90FE1A2DF81E0047D47E /* main.m */; };
		183D91031A2DF81E0047D47E /* AppDelegate.m in Sources */ = {isa = PBXBuildFile; fileRef = 183D91021A2DF81E0047D47E /* AppDelegate.m */; };
		183D91061A2DF81E0047D47E /* Main.storyboard in Resources */ = {isa = PBXBuildFile; fileRef = 183D91041A2DF81E0047D47E /* Main.storyboard */; };
		183D91091A2DF81E0047D47E /* ViewController.m in Sources */ = {isa = PBXBuildFile; fileRef = 183D91081A2DF81E0047D47E /* ViewController.m */; };
		183D910B1A2DF81E0047D47E /* Images.xcassets in Resources */ = {isa = PBXBuildFile; fileRef = 183D910A1A2DF81E0047D47E /* Images.xcassets */; };
		183D91121A2DF81E0047D47E /* XCTest.framework in Frameworks */ = {isa = PBXBuildFile; fileRef = 183D91111A2DF81E0047D47E /* XCTest.framework */; };
		183D91131A2DF81E0047D47E /* Foundation.framework in Frameworks */ = {isa = PBXBuildFile; fileRef = 183D90F21A2DF81E0047D47E /* Foundation.framework */; };
		183D91141A2DF81E0047D47E /* UIKit.framework in Frameworks */ = {isa = PBXBuildFile; fileRef = 183D90F61A2DF81E0047D47E /* UIKit.framework */; };
		183D911C1A2DF81E0047D47E /* InfoPlist.strings in Resources */ = {isa = PBXBuildFile; fileRef = 183D911A1A2DF81E0047D47E /* InfoPlist.strings */; };
		183D911E1A2DF81E0047D47E /* POPViewTests.m in Sources */ = {isa = PBXBuildFile; fileRef = 183D911D1A2DF81E0047D47E /* POPViewTests.m */; };
/* End PBXBuildFile section */

/* Begin PBXContainerItemProxy section */
		183D91151A2DF81E0047D47E /* PBXContainerItemProxy */ = {
			isa = PBXContainerItemProxy;
			containerPortal = 183D90E71A2DF81D0047D47E /* Project object */;
			proxyType = 1;
			remoteGlobalIDString = 183D90EE1A2DF81E0047D47E;
			remoteInfo = POPView;
		};
/* End PBXContainerItemProxy section */

/* Begin PBXFileReference section */
		183D90EF1A2DF81E0047D47E /* POPView.app */ = {isa = PBXFileReference; explicitFileType = wrapper.application; includeInIndex = 0; path = POPView.app; sourceTree = BUILT_PRODUCTS_DIR; };
		183D90F21A2DF81E0047D47E /* Foundation.framework */ = {isa = PBXFileReference; lastKnownFileType = wrapper.framework; name = Foundation.framework; path = System/Library/Frameworks/Foundation.framework; sourceTree = SDKROOT; };
		183D90F41A2DF81E0047D47E /* CoreGraphics.framework */ = {isa = PBXFileReference; lastKnownFileType = wrapper.framework; name = CoreGraphics.framework; path = System/Library/Frameworks/CoreGraphics.framework; sourceTree = SDKROOT; };
		183D90F61A2DF81E0047D47E /* UIKit.framework */ = {isa = PBXFileReference; lastKnownFileType = wrapper.framework; name = UIKit.framework; path = System/Library/Frameworks/UIKit.framework; sourceTree = SDKROOT; };
		183D90FA1A2DF81E0047D47E /* POPView-Info.plist */ = {isa = PBXFileReference; lastKnownFileType = text.plist.xml; path = "POPView-Info.plist"; sourceTree = "<group>"; };
		183D90FC1A2DF81E0047D47E /* en */ = {isa = PBXFileReference; lastKnownFileType = text.plist.strings; name = en; path = en.lproj/InfoPlist.strings; sourceTree = "<group>"; };
		183D90FE1A2DF81E0047D47E /* main.m */ = {isa = PBXFileReference; lastKnownFileType = sourcecode.c.objc; path = main.m; sourceTree = "<group>"; };
		183D91001A2DF81E0047D47E /* POPView-Prefix.pch */ = {isa = PBXFileReference; lastKnownFileType = sourcecode.c.h; path = "POPView-Prefix.pch"; sourceTree = "<group>"; };
		183D91011A2DF81E0047D47E /* AppDelegate.h */ = {isa = PBXFileReference; lastKnownFileType = sourcecode.c.h; path = AppDelegate.h; sourceTree = "<group>"; };
		183D91021A2DF81E0047D47E /* AppDelegate.m */ = {isa = PBXFileReference; lastKnownFileType = sourcecode.c.objc; path = AppDelegate.m; sourceTree = "<group>"; };
		183D91051A2DF81E0047D47E /* Base */ = {isa = PBXFileReference; lastKnownFileType = file.storyboard; name = Base; path = Base.lproj/Main.storyboard; sourceTree = "<group>"; };
		183D91071A2DF81E0047D47E /* ViewController.h */ = {isa = PBXFileReference; lastKnownFileType = sourcecode.c.h; path = ViewController.h; sourceTree = "<group>"; };
		183D91081A2DF81E0047D47E /* ViewController.m */ = {isa = PBXFileReference; lastKnownFileType = sourcecode.c.objc; path = ViewController.m; sourceTree = "<group>"; };
		183D910A1A2DF81E0047D47E /* Images.xcassets */ = {isa = PBXFileReference; lastKnownFileType = folder.assetcatalog; path = Images.xcassets; sourceTree = "<group>"; };
		183D91101A2DF81E0047D47E /* POPViewTests.xctest */ = {isa = PBXFileReference; explicitFileType = wrapper.cfbundle; includeInIndex = 0; path = POPViewTests.xctest; sourceTree = BUILT_PRODUCTS_DIR; };
		183D91111A2DF81E0047D47E /* XCTest.framework */ = {isa = PBXFileReference; lastKnownFileType = wrapper.framework; name = XCTest.framework; path = Library/Frameworks/XCTest.framework; sourceTree = DEVELOPER_DIR; };
		183D91191A2DF81E0047D47E /* POPViewTests-Info.plist */ = {isa = PBXFileReference; lastKnownFileType = text.plist.xml; path = "POPViewTests-Info.plist"; sourceTree = "<group>"; };
		183D911B1A2DF81E0047D47E /* en */ = {isa = PBXFileReference; lastKnownFileType = text.plist.strings; name = en; path = en.lproj/InfoPlist.strings; sourceTree = "<group>"; };
		183D911D1A2DF81E0047D47E /* POPViewTests.m */ = {isa = PBXFileReference; lastKnownFileType = sourcecode.c.objc; path = POPViewTests.m; sourceTree = "<group>"; };
/* End PBXFileReference section */

/* Begin PBXFrameworksBuildPhase section */
		183D90EC1A2DF81E0047D47E /* Frameworks */ = {
			isa = PBXFrameworksBuildPhase;
			buildActionMask = 2147483647;
			files = (
				183D90F51A2DF81E0047D47E /* CoreGraphics.framework in Frameworks */,
				183D90F71A2DF81E0047D47E /* UIKit.framework in Frameworks */,
				183D90F31A2DF81E0047D47E /* Foundation.framework in Frameworks */,
			);
			runOnlyForDeploymentPostprocessing = 0;
		};
		183D910D1A2DF81E0047D47E /* Frameworks */ = {
			isa = PBXFrameworksBuildPhase;
			buildActionMask = 2147483647;
			files = (
				183D91121A2DF81E0047D47E /* XCTest.framework in Frameworks */,
				183D91141A2DF81E0047D47E /* UIKit.framework in Frameworks */,
				183D91131A2DF81E0047D47E /* Foundation.framework in Frameworks */,
			);
			runOnlyForDeploymentPostprocessing = 0;
		};
/* End PBXFrameworksBuildPhase section */

/* Begin PBXGroup section */
		183D90E61A2DF81D0047D47E = {
			isa = PBXGroup;
			children = (
				183D90F81A2DF81E0047D47E /* POPView */,
				183D91171A2DF81E0047D47E /* POPViewTests */,
				183D90F11A2DF81E0047D47E /* Frameworks */,
				183D90F01A2DF81E0047D47E /* Products */,
			);
			sourceTree = "<group>";
		};
		183D90F01A2DF81E0047D47E /* Products */ = {
			isa = PBXGroup;
			children = (
				183D90EF1A2DF81E0047D47E /* POPView.app */,
				183D91101A2DF81E0047D47E /* POPViewTests.xctest */,
			);
			name = Products;
			sourceTree = "<group>";
		};
		183D90F11A2DF81E0047D47E /* Frameworks */ = {
			isa = PBXGroup;
			children = (
				183D90F21A2DF81E0047D47E /* Foundation.framework */,
				183D90F41A2DF81E0047D47E /* CoreGraphics.framework */,
				183D90F61A2DF81E0047D47E /* UIKit.framework */,
				183D91111A2DF81E0047D47E /* XCTest.framework */,
			);
			name = Frameworks;
			sourceTree = "<group>";
		};
		183D90F81A2DF81E0047D47E /* POPView */ = {
			isa = PBXGroup;
			children = (
				183D91011A2DF81E0047D47E /* AppDelegate.h */,
				183D91021A2DF81E0047D47E /* AppDelegate.m */,
				183D91041A2DF81E0047D47E /* Main.storyboard */,
				183D91071A2DF81E0047D47E /* ViewController.h */,
				183D91081A2DF81E0047D47E /* ViewController.m */,
				183D910A1A2DF81E0047D47E /* Images.xcassets */,
				183D90F91A2DF81E0047D47E /* Supporting Files */,
			);
			path = POPView;
			sourceTree = "<group>";
		};
		183D90F91A2DF81E0047D47E /* Supporting Files */ = {
			isa = PBXGroup;
			children = (
				183D90FA1A2DF81E0047D47E /* POPView-Info.plist */,
				183D90FB1A2DF81E0047D47E /* InfoPlist.strings */,
				183D90FE1A2DF81E0047D47E /* main.m */,
				183D91001A2DF81E0047D47E /* POPView-Prefix.pch */,
			);
			name = "Supporting Files";
			sourceTree = "<group>";
		};
		183D91171A2DF81E0047D47E /* POPViewTests */ = {
			isa = PBXGroup;
			children = (
				183D911D1A2DF81E0047D47E /* POPViewTests.m */,
				183D91181A2DF81E0047D47E /* Supporting Files */,
			);
			path = POPViewTests;
			sourceTree = "<group>";
		};
		183D91181A2DF81E0047D47E /* Supporting Files */ = {
			isa = PBXGroup;
			children = (
				183D91191A2DF81E0047D47E /* POPViewTests-Info.plist */,
				183D911A1A2DF81E0047D47E /* InfoPlist.strings */,
			);
			name = "Supporting Files";
			sourceTree = "<group>";
		};
/* End PBXGroup section */

/* Begin PBXNativeTarget section */
		183D90EE1A2DF81E0047D47E /* POPView */ = {
			isa = PBXNativeTarget;
			buildConfigurationList = 183D91211A2DF81E0047D47E /* Build configuration list for PBXNativeTarget "POPView" */;
			buildPhases = (
				183D90EB1A2DF81E0047D47E /* Sources */,
				183D90EC1A2DF81E0047D47E /* Frameworks */,
				183D90ED1A2DF81E0047D47E /* Resources */,
			);
			buildRules = (
			);
			dependencies = (
			);
			name = POPView;
			productName = POPView;
			productReference = 183D90EF1A2DF81E0047D47E /* POPView.app */;
			productType = "com.apple.product-type.application";
		};
		183D910F1A2DF81E0047D47E /* POPViewTests */ = {
			isa = PBXNativeTarget;
			buildConfigurationList = 183D91241A2DF81E0047D47E /* Build configuration list for PBXNativeTarget "POPViewTests" */;
			buildPhases = (
				183D910C1A2DF81E0047D47E /* Sources */,
				183D910D1A2DF81E0047D47E /* Frameworks */,
				183D910E1A2DF81E0047D47E /* Resources */,
			);
			buildRules = (
			);
			dependencies = (
				183D91161A2DF81E0047D47E /* PBXTargetDependency */,
			);
			name = POPViewTests;
			productName = POPViewTests;
			productReference = 183D91101A2DF81E0047D47E /* POPViewTests.xctest */;
			productType = "com.apple.product-type.bundle.unit-test";
		};
/* End PBXNativeTarget section */

/* Begin PBXProject section */
		183D90E71A2DF81D0047D47E /* Project object */ = {
			isa = PBXProject;
			attributes = {
				LastUpgradeCheck = 0510;
				ORGANIZATIONNAME = RainQ;
				TargetAttributes = {
					183D910F1A2DF81E0047D47E = {
						TestTargetID = 183D90EE1A2DF81E0047D47E;
					};
				};
			};
			buildConfigurationList = 183D90EA1A2DF81D0047D47E /* Build configuration list for PBXProject "POPView" */;
			compatibilityVersion = "Xcode 3.2";
			developmentRegion = English;
			hasScannedForEncodings = 0;
			knownRegions = (
				en,
				Base,
			);
			mainGroup = 183D90E61A2DF81D0047D47E;
			productRefGroup = 183D90F01A2DF81E0047D47E /* Products */;
			projectDirPath = "";
			projectRoot = "";
			targets = (
				183D90EE1A2DF81E0047D47E /* POPView */,
				183D910F1A2DF81E0047D47E /* POPViewTests */,
			);
		};
/* End PBXProject section */

/* Begin PBXResourcesBuildPhase section */
		183D90ED1A2DF81E0047D47E /* Resources */ = {
			isa = PBXResourcesBuildPhase;
			buildActionMask = 2147483647;
			files = (
				183D910B1A2DF81E0047D47E /* Images.xcassets in Resources */,
				183D90FD1A2DF81E0047D47E /* InfoPlist.strings in Resources */,
				183D91061A2DF81E0047D47E /* Main.storyboard in Resources */,
			);
			runOnlyForDeploymentPostprocessing = 0;
		};
		183D910E1A2DF81E0047D47E /* Resources */ = {
			isa = PBXResourcesBuildPhase;
			buildActionMask = 2147483647;
			files = (
				183D911C1A2DF81E0047D47E /* InfoPlist.strings in Resources */,
			);
			runOnlyForDeploymentPostprocessing = 0;
		};
/* End PBXResourcesBuildPhase section */

/* Begin PBXSourcesBuildPhase section */
		183D90EB1A2DF81E0047D47E /* Sources */ = {
			isa = PBXSourcesBuildPhase;
			buildActionMask = 2147483647;
			files = (
				183D91091A2DF81E0047D47E /* ViewController.m in Sources */,
				183D91031A2DF81E0047D47E /* AppDelegate.m in Sources */,
				183D90FF1A2DF81E0047D47E /* main.m in Sources */,
			);
			runOnlyForDeploymentPostprocessing = 0;
		};
		183D910C1A2DF81E0047D47E /* Sources */ = {
			isa = PBXSourcesBuildPhase;
			buildActionMask = 2147483647;
			files = (
				183D911E1A2DF81E0047D47E /* POPViewTests.m in Sources */,
			);
			runOnlyForDeploymentPostprocessing = 0;
		};
/* End PBXSourcesBuildPhase section */

/* Begin PBXTargetDependency section */
		183D91161A2DF81E0047D47E /* PBXTargetDependency */ = {
			isa = PBXTargetDependency;
			target = 183D90EE1A2DF81E0047D47E /* POPView */;
			targetProxy = 183D91151A2DF81E0047D47E /* PBXContainerItemProxy */;
		};
/* End PBXTargetDependency section */

/* Begin PBXVariantGroup section */
		183D90FB1A2DF81E0047D47E /* InfoPlist.strings */ = {
			isa = PBXVariantGroup;
			children = (
				183D90FC1A2DF81E0047D47E /* en */,
			);
			name = InfoPlist.strings;
			sourceTree = "<group>";
		};
		183D91041A2DF81E0047D47E /* Main.storyboard */ = {
			isa = PBXVariantGroup;
			children = (
				183D91051A2DF81E0047D47E /* Base */,
			);
			name = Main.storyboard;
			sourceTree = "<group>";
		};
		183D911A1A2DF81E0047D47E /* InfoPlist.strings */ = {
			isa = PBXVariantGroup;
			children = (
				183D911B1A2DF81E0047D47E /* en */,
			);
			name = InfoPlist.strings;
			sourceTree = "<group>";
		};
/* End PBXVariantGroup section */

/* Begin XCBuildConfiguration section */
		183D911F1A2DF81E0047D47E /* Debug */ = {
			isa = XCBuildConfiguration;
			buildSettings = {
				ALWAYS_SEARCH_USER_PATHS = NO;
				CLANG_CXX_LANGUAGE_STANDARD = "gnu++0x";
				CLANG_CXX_LIBRARY = "libc++";
				CLANG_ENABLE_MODULES = YES;
				CLANG_ENABLE_OBJC_ARC = YES;
				CLANG_WARN_BOOL_CONVERSION = YES;
				CLANG_WARN_CONSTANT_CONVERSION = YES;
				CLANG_WARN_DIRECT_OBJC_ISA_USAGE = YES_ERROR;
				CLANG_WARN_EMPTY_BODY = YES;
				CLANG_WARN_ENUM_CONVERSION = YES;
				CLANG_WARN_INT_CONVERSION = YES;
				CLANG_WARN_OBJC_ROOT_CLASS = YES_ERROR;
				CLANG_WARN__DUPLICATE_METHOD_MATCH = YES;
				"CODE_SIGN_IDENTITY[sdk=iphoneos*]" = "iPhone Developer";
				COPY_PHASE_STRIP = NO;
				GCC_C_LANGUAGE_STANDARD = gnu99;
				GCC_DYNAMIC_NO_PIC = NO;
				GCC_OPTIMIZATION_LEVEL = 0;
				GCC_PREPROCESSOR_DEFINITIONS = (
					"DEBUG=1",
					"$(inherited)",
				);
				GCC_SYMBOLS_PRIVATE_EXTERN = NO;
				GCC_WARN_64_TO_32_BIT_CONVERSION = YES;
				GCC_WARN_ABOUT_RETURN_TYPE = YES_ERROR;
				GCC_WARN_UNDECLARED_SELECTOR = YES;
				GCC_WARN_UNINITIALIZED_AUTOS = YES_AGGRESSIVE;
				GCC_WARN_UNUSED_FUNCTION = YES;
				GCC_WARN_UNUSED_VARIABLE = YES;
				IPHONEOS_DEPLOYMENT_TARGET = 7.1;
				ONLY_ACTIVE_ARCH = YES;
				SDKROOT = iphoneos;
			};
			name = Debug;
		};
		183D91201A2DF81E0047D47E /* Release */ = {
			isa = XCBuildConfiguration;
			buildSettings = {
				ALWAYS_SEARCH_USER_PATHS = NO;
				CLANG_CXX_LANGUAGE_STANDARD = "gnu++0x";
				CLANG_CXX_LIBRARY = "libc++";
				CLANG_ENABLE_MODULES = YES;
				CLANG_ENABLE_OBJC_ARC = YES;
				CLANG_WARN_BOOL_CONVERSION = YES;
				CLANG_WARN_CONSTANT_CONVERSION = YES;
				CLANG_WARN_DIRECT_OBJC_ISA_USAGE = YES_ERROR;
				CLANG_WARN_EMPTY_BODY = YES;
				CLANG_WARN_ENUM_CONVERSION = YES;
				CLANG_WARN_INT_CONVERSION = YES;
				CLANG_WARN_OBJC_ROOT_CLASS = YES_ERROR;
				CLANG_WARN__DUPLICATE_METHOD_MATCH = YES;
				"CODE_SIGN_IDENTITY[sdk=iphoneos*]" = "iPhone Developer";
				COPY_PHASE_STRIP = YES;
				ENABLE_NS_ASSERTIONS = NO;
				GCC_C_LANGUAGE_STANDARD = gnu99;
				GCC_WARN_64_TO_32_BIT_CONVERSION = YES;
				GCC_WARN_ABOUT_RETURN_TYPE = YES_ERROR;
				GCC_WARN_UNDECLARED_SELECTOR = YES;
				GCC_WARN_UNINITIALIZED_AUTOS = YES_AGGRESSIVE;
				GCC_WARN_UNUSED_FUNCTION = YES;
				GCC_WARN_UNUSED_VARIABLE = YES;
				IPHONEOS_DEPLOYMENT_TARGET = 7.1;
				SDKROOT = iphoneos;
				VALIDATE_PRODUCT = YES;
			};
			name = Release;
		};
		183D91221A2DF81E0047D47E /* Debug */ = {
			isa = XCBuildConfiguration;
			buildSettings = {
				ASSETCATALOG_COMPILER_APPICON_NAME = AppIcon;
				ASSETCATALOG_COMPILER_LAUNCHIMAGE_NAME = LaunchImage;
				GCC_PRECOMPILE_PREFIX_HEADER = YES;
				GCC_PREFIX_HEADER = "POPView/POPView-Prefix.pch";
				INFOPLIST_FILE = "POPView/POPView-Info.plist";
				PRODUCT_NAME = "$(TARGET_NAME)";
				WRAPPER_EXTENSION = app;
			};
			name = Debug;
		};
		183D91231A2DF81E0047D47E /* Release */ = {
			isa = XCBuildConfiguration;
			buildSettings = {
				ASSETCATALOG_COMPILER_APPICON_NAME = AppIcon;
				ASSETCATALOG_COMPILER_LAUNCHIMAGE_NAME = LaunchImage;
				GCC_PRECOMPILE_PREFIX_HEADER = YES;
				GCC_PREFIX_HEADER = "POPView/POPView-Prefix.pch";
				INFOPLIST_FILE = "POPView/POPView-Info.plist";
				PRODUCT_NAME = "$(TARGET_NAME)";
				WRAPPER_EXTENSION = app;
			};
			name = Release;
		};
		183D91251A2DF81E0047D47E /* Debug */ = {
			isa = XCBuildConfiguration;
			buildSettings = {
				BUNDLE_LOADER = "$(BUILT_PRODUCTS_DIR)/POPView.app/POPView";
				FRAMEWORK_SEARCH_PATHS = (
					"$(SDKROOT)/Developer/Library/Frameworks",
					"$(inherited)",
					"$(DEVELOPER_FRAMEWORKS_DIR)",
				);
				GCC_PRECOMPILE_PREFIX_HEADER = YES;
				GCC_PREFIX_HEADER = "POPView/POPView-Prefix.pch";
				GCC_PREPROCESSOR_DEFINITIONS = (
					"DEBUG=1",
					"$(inherited)",
				);
				INFOPLIST_FILE = "POPViewTests/POPViewTests-Info.plist";
				PRODUCT_NAME = "$(TARGET_NAME)";
				TEST_HOST = "$(BUNDLE_LOADER)";
				WRAPPER_EXTENSION = xctest;
			};
			name = Debug;
		};
		183D91261A2DF81E0047D47E /* Release */ = {
			isa = XCBuildConfiguration;
			buildSettings = {
				BUNDLE_LOADER = "$(BUILT_PRODUCTS_DIR)/POPView.app/POPView";
				FRAMEWORK_SEARCH_PATHS = (
					"$(SDKROOT)/Developer/Library/Frameworks",
					"$(inherited)",
					"$(DEVELOPER_FRAMEWORKS_DIR)",
				);
				GCC_PRECOMPILE_PREFIX_HEADER = YES;
				GCC_PREFIX_HEADER = "POPView/POPView-Prefix.pch";
				INFOPLIST_FILE = "POPViewTests/POPViewTests-Info.plist";
				PRODUCT_NAME = "$(TARGET_NAME)";
				TEST_HOST = "$(BUNDLE_LOADER)";
				WRAPPER_EXTENSION = xctest;
			};
			name = Release;
		};
/* End XCBuildConfiguration section */

/* Begin XCConfigurationList section */
		183D90EA1A2DF81D0047D47E /* Build configuration list for PBXProject "POPView" */ = {
			isa = XCConfigurationList;
			buildConfigurations = (
				183D911F1A2DF81E0047D47E /* Debug */,
				183D91201A2DF81E0047D47E /* Release */,
			);
			defaultConfigurationIsVisible = 0;
			defaultConfigurationName = Release;
		};
		183D91211A2DF81E0047D47E /* Build configuration list for PBXNativeTarget "POPView" */ = {
			isa = XCConfigurationList;
			buildConfigurations = (
				183D91221A2DF81E0047D47E /* Debug */,
				183D91231A2DF81E0047D47E /* Release */,
			);
			defaultConfigurationIsVisible = 0;
		};
		183D91241A2DF81E0047D47E /* Build configuration list for PBXNativeTarget "POPViewTests" */ = {
			isa = XCConfigurationList;
			buildConfigurations = (
				183D91251A2DF81E0047D47E /* Debug */,
				183D91261A2DF81E0047D47E /* Release */,
			);
			defaultConfigurationIsVisible = 0;
		};
/* End XCConfigurationList section */
	};
	rootObject = 183D90E71A2DF81D0047D47E /* Project object */;
}
